# THIS IS AN AUTOGENERATED FILE. DO NOT EDIT THIS FILE DIRECTLY.
# yarn lockfile v1


reactrangeslider@^3.0.6:
  version "3.0.6"
  resolved "https://registry.yarnpkg.com/reactrangeslider/-/reactrangeslider-3.0.6.tgz#5f3e1cef24fd3065322d4c01a0010199910f3737"
  integrity sha1-Xz4c7yT9MGUyLUwBoAEBmZEPNzc=
