# THIS IS AN AUTOGENERATED FILE. DO NOT EDIT THIS FILE DIRECTLY.
# yarn lockfile v1


async@0.1.15:
  version "0.1.15"
  resolved "https://registry.npmjs.org/async/-/async-0.1.15.tgz"
  integrity sha1-IYDqyizypspSgNQcBYW+ybPkm9M=

async@0.1.x:
  version "0.1.22"
  resolved "https://registry.npmjs.org/async/-/async-0.1.22.tgz"
  integrity sha1-D8GqoIig4+8Ovi2IMbqw3PiEUGE=

ctxobj@0.2.x:
  version "0.2.1"
  resolved "https://registry.npmjs.org/ctxobj/-/ctxobj-0.2.1.tgz"
  integrity sha1-L8lMIa3K6pxS43z6CzxTXVQXcMg=

dom-to-image@^2.6.0:
  version "2.6.0"
  resolved "https://registry.yarnpkg.com/dom-to-image/-/dom-to-image-2.6.0.tgz#8a503608088c87b1c22f9034ae032e1898955867"
  integrity sha1-ilA2CAiMh7HCL5A0rgMuGJiVWGc=

file-saver@^2.0.5:
  version "2.0.5"
  resolved "https://registry.yarnpkg.com/file-saver/-/file-saver-2.0.5.tgz#d61cfe2ce059f414d899e9dd6d4107ee25670c38"
  integrity sha512-P9bmyZ3h/PRG+Nzga+rbdI4OEpNDzAVyy74uVO9ATgzLK6VtAsYybF/+TOCvrc0MO793d6+42lLyZTw7/ArVzA==

fsmjs@0.2.x:
  version "0.2.1"
  resolved "https://registry.npmjs.org/fsmjs/-/fsmjs-0.2.1.tgz"
  integrity sha1-+y1hIJFOxoSsG/AMXwRctA2ZNiI=

node-uuid@1.3.3:
  version "1.3.3"
  resolved "https://registry.npmjs.org/node-uuid/-/node-uuid-1.3.3.tgz"
  integrity sha1-09tNe1aBDZ5AMjQnZigq8HORcps=

portscanner@0.1.x:
  version "0.1.3"
  resolved "https://registry.npmjs.org/portscanner/-/portscanner-0.1.3.tgz"
  integrity sha1-zww4oNEvzXFqEcblmWOrrKavKbE=
  dependencies:
    async "0.1.15"

spinner@^0.3.4:
  version "0.3.4"
  resolved "https://registry.npmjs.org/spinner/-/spinner-0.3.4.tgz"
  integrity sha1-oMVBO5sKuLZ+PgmU9s7wr6C/bDw=
  dependencies:
    async "0.1.x"
    ctxobj "0.2.x"
    fsmjs "0.2.x"
    node-uuid "1.3.3"
    portscanner "0.1.x"
